{
  "requires": true,
  "lockfileVersion": 1,
  "dependencies": {
    "babylonjs": {
      "version": "4.2.0",
      "resolved": "https://registry.npmjs.org/babylonjs/-/babylonjs-4.2.0.tgz",
      "integrity": "sha512-4hniJzWRkV0tDTTYGEHPk1lnfWn0HIw7HOvNWPK0rpUIbJooyeD9E5uVyHnslDedt0mtrA7QZu4i2Cz1DEmSsA=="
    },
    "babylonjs-materials": {
      "version": "4.2.0",
      "resolved": "https://registry.npmjs.org/babylonjs-materials/-/babylonjs-materials-4.2.0.tgz",
      "integrity": "sha512-QyfFN2y4D+vH2PILG5nGBi1H9pcBZvUKdPspXe8mkQiujZl6MBoa3U8aNHvmknJoTxaGkdVzdlSHByayXh3Iug==",
      "requires": {
        "babylonjs": "4.2.0"
      }
    }
  }
}
